
Microsoft Visual Studio Solution File, Format Version 12.00
# Visual Studio Version 16
VisualStudioVersion = 16.0.30011.22
MinimumVisualStudioVersion = 10.0.40219.1
Project("{FAE04EC0-301F-11D3-BF4B-00C04F79EFBC}") = "MVCWebDoctor", "WebDoctor\MVCWebDoctor.csproj", "{EFC248F2-E193-463A-B18F-899F2AE11C8A}"
EndProject
Project("{9A19103F-16F7-4668-BE54-9A1E7A4F7556}") = "DataLibrary", "DataLibrary\DataLibrary.csproj", "{3C4F0433-CA82-4BAD-9CCE-7971D2073060}"
EndProject
Project("{00D1A9C2-B5F0-4AF3-8072-F6C62B433612}") = "DbDoctor", "DbDoctor\DbDoctor.sqlproj", "{17622B51-614D-456C-824D-934B0F4DDF7D}"
EndProject
Global
	GlobalSection(SolutionConfigurationPlatforms) = preSolution
		Debug|Any CPU = Debug|Any CPU
		Release|Any CPU = Release|Any CPU
	EndGlobalSection
	GlobalSection(ProjectConfigurationPlatforms) = postSolution
		{EFC248F2-E193-463A-B18F-899F2AE11C8A}.Debug|Any CPU.ActiveCfg = Debug|Any CPU
		{EFC248F2-E193-463A-B18F-899F2AE11C8A}.Debug|Any CPU.Build.0 = Debug|Any CPU
		{EFC248F2-E193-463A-B18F-899F2AE11C8A}.Release|Any CPU.ActiveCfg = Release|Any CPU
		{EFC248F2-E193-463A-B18F-899F2AE11C8A}.Release|Any CPU.Build.0 = Release|Any CPU
		{3C4F0433-CA82-4BAD-9CCE-7971D2073060}.Debug|Any CPU.ActiveCfg = Debug|Any CPU
		{3C4F0433-CA82-4BAD-9CCE-7971D2073060}.Debug|Any CPU.Build.0 = Debug|Any CPU
		{3C4F0433-CA82-4BAD-9CCE-7971D2073060}.Release|Any CPU.ActiveCfg = Release|Any CPU
		{3C4F0433-CA82-4BAD-9CCE-7971D2073060}.Release|Any CPU.Build.0 = Release|Any CPU
		{17622B51-614D-456C-824D-934B0F4DDF7D}.Debug|Any CPU.ActiveCfg = Debug|Any CPU
		{17622B51-614D-456C-824D-934B0F4DDF7D}.Debug|Any CPU.Build.0 = Debug|Any CPU
		{17622B51-614D-456C-824D-934B0F4DDF7D}.Debug|Any CPU.Deploy.0 = Debug|Any CPU
		{17622B51-614D-456C-824D-934B0F4DDF7D}.Release|Any CPU.ActiveCfg = Release|Any CPU
		{17622B51-614D-456C-824D-934B0F4DDF7D}.Release|Any CPU.Build.0 = Release|Any CPU
		{17622B51-614D-456C-824D-934B0F4DDF7D}.Release|Any CPU.Deploy.0 = Release|Any CPU
	EndGlobalSection
	GlobalSection(SolutionProperties) = preSolution
		HideSolutionNode = FALSE
	EndGlobalSection
	GlobalSection(ExtensibilityGlobals) = postSolution
		SolutionGuid = {84349DE0-426B-4788-B54F-77680BFFD80F}
	EndGlobalSection
EndGlobal
